// !$*UTF8*$!
{
	archiveVersion = 1;
	classes = {
	};
	objectVersion = 55;
	objects = {

/* Begin PBXBuildFile section */
		1861B53E28EEA43800835F39 /* AppDelegate.swift in Sources */ = {isa = PBXBuildFile; fileRef = 1861B53D28EEA43800835F39 /* AppDelegate.swift */; };
		1861B54028EEA43800835F39 /* SceneDelegate.swift in Sources */ = {isa = PBXBuildFile; fileRef = 1861B53F28EEA43800835F39 /* SceneDelegate.swift */; };
		1861B54228EEA43800835F39 /* ViewController.swift in Sources */ = {isa = PBXBuildFile; fileRef = 1861B54128EEA43800835F39 /* ViewController.swift */; };
		1861B54528EEA43800835F39 /* Main.storyboard in Resources */ = {isa = PBXBuildFile; fileRef = 1861B54328EEA43800835F39 /* Main.storyboard */; };
		1861B54728EEA43A00835F39 /* Assets.xcassets in Resources */ = {isa = PBXBuildFile; fileRef = 1861B54628EEA43A00835F39 /* Assets.xcassets */; };
		1861B54A28EEA43A00835F39 /* LaunchScreen.storyboard in Resources */ = {isa = PBXBuildFile; fileRef = 1861B54828EEA43A00835F39 /* LaunchScreen.storyboard */; };
		1861B55528EEA43A00835F39 /* calculatorAppTests.swift in Sources */ = {isa = PBXBuildFile; fileRef = 1861B55428EEA43A00835F39 /* calculatorAppTests.swift */; };
		1861B55F28EEA43A00835F39 /* calculatorAppUITests.swift in Sources */ = {isa = PBXBuildFile; fileRef = 1861B55E28EEA43A00835F39 /* calculatorAppUITests.swift */; };
		1861B56128EEA43A00835F39 /* calculatorAppUITestsLaunchTests.swift in Sources */ = {isa = PBXBuildFile; fileRef = 1861B56028EEA43A00835F39 /* calculatorAppUITestsLaunchTests.swift */; };
/* End PBXBuildFile section */

/* Begin PBXContainerItemProxy section */
		1861B55128EEA43A00835F39 /* PBXContainerItemProxy */ = {
			isa = PBXContainerItemProxy;
			containerPortal = 1861B53228EEA43800835F39 /* Project object */;
			proxyType = 1;
			remoteGlobalIDString = 1861B53928EEA43800835F39;
			remoteInfo = calculatorApp;
		};
		1861B55B28EEA43A00835F39 /* PBXContainerItemProxy */ = {
			isa = PBXContainerItemProxy;
			containerPortal = 1861B53228EEA43800835F39 /* Project object */;
			proxyType = 1;
			remoteGlobalIDString = 1861B53928EEA43800835F39;
			remoteInfo = calculatorApp;
		};
/* End PBXContainerItemProxy section */

/* Begin PBXFileReference section */
		1861B53A28EEA43800835F39 /* calculatorApp.app */ = {isa = PBXFileReference; explicitFileType = wrapper.application; includeInIndex = 0; path = calculatorApp.app; sourceTree = BUILT_PRODUCTS_DIR; };
		1861B53D28EEA43800835F39 /* AppDelegate.swift */ = {isa = PBXFileReference; lastKnownFileType = sourcecode.swift; path = AppDelegate.swift; sourceTree = "<group>"; };
		1861B53F28EEA43800835F39 /* SceneDelegate.swift */ = {isa = PBXFileReference; lastKnownFileType = sourcecode.swift; path = SceneDelegate.swift; sourceTree = "<group>"; };
		1861B54128EEA43800835F39 /* ViewController.swift */ = {isa = PBXFileReference; lastKnownFileType = sourcecode.swift; path = ViewController.swift; sourceTree = "<group>"; };
		1861B54428EEA43800835F39 /* Base */ = {isa = PBXFileReference; lastKnownFileType = file.storyboard; name = Base; path = Base.lproj/Main.storyboard; sourceTree = "<group>"; };
		1861B54628EEA43A00835F39 /* Assets.xcassets */ = {isa = PBXFileReference; lastKnownFileType = folder.assetcatalog; path = Assets.xcassets; sourceTree = "<group>"; };
		1861B54928EEA43A00835F39 /* Base */ = {isa = PBXFileReference; lastKnownFileType = file.storyboard; name = Base; path = Base.lproj/LaunchScreen.storyboard; sourceTree = "<group>"; };
		1861B54B28EEA43A00835F39 /* Info.plist */ = {isa = PBXFileReference; lastKnownFileType = text.plist.xml; path = Info.plist; sourceTree = "<group>"; };
		1861B55028EEA43A00835F39 /* calculatorAppTests.xctest */ = {isa = PBXFileReference; explicitFileType = wrapper.cfbundle; includeInIndex = 0; path = calculatorAppTests.xctest; sourceTree = BUILT_PRODUCTS_DIR; };
		1861B55428EEA43A00835F39 /* calculatorAppTests.swift */ = {isa = PBXFileReference; lastKnownFileType = sourcecode.swift; path = calculatorAppTests.swift; sourceTree = "<group>"; };
		1861B55A28EEA43A00835F39 /* calculatorAppUITests.xctest */ = {isa = PBXFileReference; explicitFileType = wrapper.cfbundle; includeInIndex = 0; path = calculatorAppUITests.xctest; sourceTree = BUILT_PRODUCTS_DIR; };
		1861B55E28EEA43A00835F39 /* calculatorAppUITests.swift */ = {isa = PBXFileReference; lastKnownFileType = sourcecode.swift; path = calculatorAppUITests.swift; sourceTree = "<group>"; };
		1861B56028EEA43A00835F39 /* calculatorAppUITestsLaunchTests.swift */ = {isa = PBXFileReference; lastKnownFileType = sourcecode.swift; path = calculatorAppUITestsLaunchTests.swift; sourceTree = "<group>"; };
/* End PBXFileReference section */

/* Begin PBXFrameworksBuildPhase section */
		1861B53728EEA43800835F39 /* Frameworks */ = {
			isa = PBXFrameworksBuildPhase;
			buildActionMask = 2147483647;
			files = (
			);
			runOnlyForDeploymentPostprocessing = 0;
		};
		1861B54D28EEA43A00835F39 /* Frameworks */ = {
			isa = PBXFrameworksBuildPhase;
			buildActionMask = 2147483647;
			files = (
			);
			runOnlyForDeploymentPostprocessing = 0;
		};
		1861B55728EEA43A00835F39 /* Frameworks */ = {
			isa = PBXFrameworksBuildPhase;
			buildActionMask = 2147483647;
			files = (
			);
			runOnlyForDeploymentPostprocessing = 0;
		};
/* End PBXFrameworksBuildPhase section */

/* Begin PBXGroup section */
		1861B53128EEA43800835F39 = {
			isa = PBXGroup;
			children = (
				1861B53C28EEA43800835F39 /* calculatorApp */,
				1861B55328EEA43A00835F39 /* calculatorAppTests */,
				1861B55D28EEA43A00835F39 /* calculatorAppUITests */,
				1861B53B28EEA43800835F39 /* Products */,
			);
			sourceTree = "<group>";
		};
		1861B53B28EEA43800835F39 /* Products */ = {
			isa = PBXGroup;
			children = (
				1861B53A28EEA43800835F39 /* calculatorApp.app */,
				1861B55028EEA43A00835F39 /* calculatorAppTests.xctest */,
				1861B55A28EEA43A00835F39 /* calculatorAppUITests.xctest */,
			);
			name = Products;
			sourceTree = "<group>";
		};
		1861B53C28EEA43800835F39 /* calculatorApp */ = {
			isa = PBXGroup;
			children = (
				1861B53D28EEA43800835F39 /* AppDelegate.swift */,
				1861B53F28EEA43800835F39 /* SceneDelegate.swift */,
				1861B54128EEA43800835F39 /* ViewController.swift */,
				1861B54328EEA43800835F39 /* Main.storyboard */,
				1861B54628EEA43A00835F39 /* Assets.xcassets */,
				1861B54828EEA43A00835F39 /* LaunchScreen.storyboard */,
				1861B54B28EEA43A00835F39 /* Info.plist */,
			);
			path = calculatorApp;
			sourceTree = "<group>";
		};
		1861B55328EEA43A00835F39 /* calculatorAppTests */ = {
			isa = PBXGroup;
			children = (
				1861B55428EEA43A00835F39 /* calculatorAppTests.swift */,
			);
			path = calculatorAppTests;
			sourceTree = "<group>";
		};
		1861B55D28EEA43A00835F39 /* calculatorAppUITests */ = {
			isa = PBXGroup;
			children = (
				1861B55E28EEA43A00835F39 /* calculatorAppUITests.swift */,
				1861B56028EEA43A00835F39 /* calculatorAppUITestsLaunchTests.swift */,
			);
			path = calculatorAppUITests;
			sourceTree = "<group>";
		};
/* End PBXGroup section */

/* Begin PBXNativeTarget section */
		1861B53928EEA43800835F39 /* calculatorApp */ = {
			isa = PBXNativeTarget;
			buildConfigurationList = 1861B56428EEA43A00835F39 /* Build configuration list for PBXNativeTarget "calculatorApp" */;
			buildPhases = (
				1861B53628EEA43800835F39 /* Sources */,
				1861B53728EEA43800835F39 /* Frameworks */,
				1861B53828EEA43800835F39 /* Resources */,
			);
			buildRules = (
			);
			dependencies = (
			);
			name = calculatorApp;
			productName = calculatorApp;
			productReference = 1861B53A28EEA43800835F39 /* calculatorApp.app */;
			productType = "com.apple.product-type.application";
		};
		1861B54F28EEA43A00835F39 /* calculatorAppTests */ = {
			isa = PBXNativeTarget;
			buildConfigurationList = 1861B56728EEA43A00835F39 /* Build configuration list for PBXNativeTarget "calculatorAppTests" */;
			buildPhases = (
				1861B54C28EEA43A00835F39 /* Sources */,
				1861B54D28EEA43A00835F39 /* Frameworks */,
				1861B54E28EEA43A00835F39 /* Resources */,
			);
			buildRules = (
			);
			dependencies = (
				1861B55228EEA43A00835F39 /* PBXTargetDependency */,
			);
			name = calculatorAppTests;
			productName = calculatorAppTests;
			productReference = 1861B55028EEA43A00835F39 /* calculatorAppTests.xctest */;
			productType = "com.apple.product-type.bundle.unit-test";
		};
		1861B55928EEA43A00835F39 /* calculatorAppUITests */ = {
			isa = PBXNativeTarget;
			buildConfigurationList = 1861B56A28EEA43A00835F39 /* Build configuration list for PBXNativeTarget "calculatorAppUITests" */;
			buildPhases = (
				1861B55628EEA43A00835F39 /* Sources */,
				1861B55728EEA43A00835F39 /* Frameworks */,
				1861B55828EEA43A00835F39 /* Resources */,
			);
			buildRules = (
			);
			dependencies = (
				1861B55C28EEA43A00835F39 /* PBXTargetDependency */,
			);
			name = calculatorAppUITests;
			productName = calculatorAppUITests;
			productReference = 1861B55A28EEA43A00835F39 /* calculatorAppUITests.xctest */;
			productType = "com.apple.product-type.bundle.ui-testing";
		};
/* End PBXNativeTarget section */

/* Begin PBXProject section */
		1861B53228EEA43800835F39 /* Project object */ = {
			isa = PBXProject;
			attributes = {
				BuildIndependentTargetsInParallel = 1;
				LastSwiftUpdateCheck = 1340;
				LastUpgradeCheck = 1340;
				TargetAttributes = {
					1861B53928EEA43800835F39 = {
						CreatedOnToolsVersion = 13.4.1;
					};
					1861B54F28EEA43A00835F39 = {
						CreatedOnToolsVersion = 13.4.1;
						TestTargetID = 1861B53928EEA43800835F39;
					};
					1861B55928EEA43A00835F39 = {
						CreatedOnToolsVersion = 13.4.1;
						TestTargetID = 1861B53928EEA43800835F39;
					};
				};
			};
			buildConfigurationList = 1861B53528EEA43800835F39 /* Build configuration list for PBXProject "calculatorApp" */;
			compatibilityVersion = "Xcode 13.0";
			developmentRegion = en;
			hasScannedForEncodings = 0;
			knownRegions = (
				en,
				Base,
			);
			mainGroup = 1861B53128EEA43800835F39;
			productRefGroup = 1861B53B28EEA43800835F39 /* Products */;
			projectDirPath = "";
			projectRoot = "";
			targets = (
				1861B53928EEA43800835F39 /* calculatorApp */,
				1861B54F28EEA43A00835F39 /* calculatorAppTests */,
				1861B55928EEA43A00835F39 /* calculatorAppUITests */,
			);
		};
/* End PBXProject section */

/* Begin PBXResourcesBuildPhase section */
		1861B53828EEA43800835F39 /* Resources */ = {
			isa = PBXResourcesBuildPhase;
			buildActionMask = 2147483647;
			files = (
				1861B54A28EEA43A00835F39 /* LaunchScreen.storyboard in Resources */,
				1861B54728EEA43A00835F39 /* Assets.xcassets in Resources */,
				1861B54528EEA43800835F39 /* Main.storyboard in Resources */,
			);
			runOnlyForDeploymentPostprocessing = 0;
		};
		1861B54E28EEA43A00835F39 /* Resources */ = {
			isa = PBXResourcesBuildPhase;
			buildActionMask = 2147483647;
			files = (
			);
			runOnlyForDeploymentPostprocessing = 0;
		};
		1861B55828EEA43A00835F39 /* Resources */ = {
			isa = PBXResourcesBuildPhase;
			buildActionMask = 2147483647;
			files = (
			);
			runOnlyForDeploymentPostprocessing = 0;
		};
/* End PBXResourcesBuildPhase section */

/* Begin PBXSourcesBuildPhase section */
		1861B53628EEA43800835F39 /* Sources */ = {
			isa = PBXSourcesBuildPhase;
			buildActionMask = 2147483647;
			files = (
				1861B54228EEA43800835F39 /* ViewController.swift in Sources */,
				1861B53E28EEA43800835F39 /* AppDelegate.swift in Sources */,
				1861B54028EEA43800835F39 /* SceneDelegate.swift in Sources */,
			);
			runOnlyForDeploymentPostprocessing = 0;
		};
		1861B54C28EEA43A00835F39 /* Sources */ = {
			isa = PBXSourcesBuildPhase;
			buildActionMask = 2147483647;
			files = (
				1861B55528EEA43A00835F39 /* calculatorAppTests.swift in Sources */,
			);
			runOnlyForDeploymentPostprocessing = 0;
		};
		1861B55628EEA43A00835F39 /* Sources */ = {
			isa = PBXSourcesBuildPhase;
			buildActionMask = 2147483647;
			files = (
				1861B56128EEA43A00835F39 /* calculatorAppUITestsLaunchTests.swift in Sources */,
				1861B55F28EEA43A00835F39 /* calculatorAppUITests.swift in Sources */,
			);
			runOnlyForDeploymentPostprocessing = 0;
		};
/* End PBXSourcesBuildPhase section */

/* Begin PBXTargetDependency section */
		1861B55228EEA43A00835F39 /* PBXTargetDependency */ = {
			isa = PBXTargetDependency;
			target = 1861B53928EEA43800835F39 /* calculatorApp */;
			targetProxy = 1861B55128EEA43A00835F39 /* PBXContainerItemProxy */;
		};
		1861B55C28EEA43A00835F39 /* PBXTargetDependency */ = {
			isa = PBXTargetDependency;
			target = 1861B53928EEA43800835F39 /* calculatorApp */;
			targetProxy = 1861B55B28EEA43A00835F39 /* PBXContainerItemProxy */;
		};
/* End PBXTargetDependency section */

/* Begin PBXVariantGroup section */
		1861B54328EEA43800835F39 /* Main.storyboard */ = {
			isa = PBXVariantGroup;
			children = (
				1861B54428EEA43800835F39 /* Base */,
			);
			name = Main.storyboard;
			sourceTree = "<group>";
		};
		1861B54828EEA43A00835F39 /* LaunchScreen.storyboard */ = {
			isa = PBXVariantGroup;
			children = (
				1861B54928EEA43A00835F39 /* Base */,
			);
			name = LaunchScreen.storyboard;
			sourceTree = "<group>";
		};
/* End PBXVariantGroup section */

/* Begin XCBuildConfiguration section */
		1861B56228EEA43A00835F39 /* Debug */ = {
			isa = XCBuildConfiguration;
			buildSettings = {
				ALWAYS_SEARCH_USER_PATHS = NO;
				CLANG_ANALYZER_NONNULL = YES;
				CLANG_ANALYZER_NUMBER_OBJECT_CONVERSION = YES_AGGRESSIVE;
				CLANG_CXX_LANGUAGE_STANDARD = "gnu++17";
				CLANG_ENABLE_MODULES = YES;
				CLANG_ENABLE_OBJC_ARC = YES;
				CLANG_ENABLE_OBJC_WEAK = YES;
				CLANG_WARN_BLOCK_CAPTURE_AUTORELEASING = YES;
				CLANG_WARN_BOOL_CONVERSION = YES;
				CLANG_WARN_COMMA = YES;
				CLANG_WARN_CONSTANT_CONVERSION = YES;
				CLANG_WARN_DEPRECATED_OBJC_IMPLEMENTATIONS = YES;
				CLANG_WARN_DIRECT_OBJC_ISA_USAGE = YES_ERROR;
				CLANG_WARN_DOCUMENTATION_COMMENTS = YES;
				CLANG_WARN_EMPTY_BODY = YES;
				CLANG_WARN_ENUM_CONVERSION = YES;
				CLANG_WARN_INFINITE_RECURSION = YES;
				CLANG_WARN_INT_CONVERSION = YES;
				CLANG_WARN_NON_LITERAL_NULL_CONVERSION = YES;
				CLANG_WARN_OBJC_IMPLICIT_RETAIN_SELF = YES;
				CLANG_WARN_OBJC_LITERAL_CONVERSION = YES;
				CLANG_WARN_OBJC_ROOT_CLASS = YES_ERROR;
				CLANG_WARN_QUOTED_INCLUDE_IN_FRAMEWORK_HEADER = YES;
				CLANG_WARN_RANGE_LOOP_ANALYSIS = YES;
				CLANG_WARN_STRICT_PROTOTYPES = YES;
				CLANG_WARN_SUSPICIOUS_MOVE = YES;
				CLANG_WARN_UNGUARDED_AVAILABILITY = YES_AGGRESSIVE;
				CLANG_WARN_UNREACHABLE_CODE = YES;
				CLANG_WARN__DUPLICATE_METHOD_MATCH = YES;
				COPY_PHASE_STRIP = NO;
				DEBUG_INFORMATION_FORMAT = dwarf;
				ENABLE_STRICT_OBJC_MSGSEND = YES;
				ENABLE_TESTABILITY = YES;
				GCC_C_LANGUAGE_STANDARD = gnu11;
				GCC_DYNAMIC_NO_PIC = NO;
				GCC_NO_COMMON_BLOCKS = YES;
				GCC_OPTIMIZATION_LEVEL = 0;
				GCC_PREPROCESSOR_DEFINITIONS = (
					"DEBUG=1",
					"$(inherited)",
				);
				GCC_WARN_64_TO_32_BIT_CONVERSION = YES;
				GCC_WARN_ABOUT_RETURN_TYPE = YES_ERROR;
				GCC_WARN_UNDECLARED_SELECTOR = YES;
				GCC_WARN_UNINITIALIZED_AUTOS = YES_AGGRESSIVE;
				GCC_WARN_UNUSED_FUNCTION = YES;
				GCC_WARN_UNUSED_VARIABLE = YES;
				IPHONEOS_DEPLOYMENT_TARGET = 15.5;
				MTL_ENABLE_DEBUG_INFO = INCLUDE_SOURCE;
				MTL_FAST_MATH = YES;
				ONLY_ACTIVE_ARCH = YES;
				SDKROOT = iphoneos;
				SWIFT_ACTIVE_COMPILATION_CONDITIONS = DEBUG;
				SWIFT_OPTIMIZATION_LEVEL = "-Onone";
			};
			name = Debug;
		};
		1861B56328EEA43A00835F39 /* Release */ = {
			isa = XCBuildConfiguration;
			buildSettings = {
				ALWAYS_SEARCH_USER_PATHS = NO;
				CLANG_ANALYZER_NONNULL = YES;
				CLANG_ANALYZER_NUMBER_OBJECT_CONVERSION = YES_AGGRESSIVE;
				CLANG_CXX_LANGUAGE_STANDARD = "gnu++17";
				CLANG_ENABLE_MODULES = YES;
				CLANG_ENABLE_OBJC_ARC = YES;
				CLANG_ENABLE_OBJC_WEAK = YES;
				CLANG_WARN_BLOCK_CAPTURE_AUTORELEASING = YES;
				CLANG_WARN_BOOL_CONVERSION = YES;
				CLANG_WARN_COMMA = YES;
				CLANG_WARN_CONSTANT_CONVERSION = YES;
				CLANG_WARN_DEPRECATED_OBJC_IMPLEMENTATIONS = YES;
				CLANG_WARN_DIRECT_OBJC_ISA_USAGE = YES_ERROR;
				CLANG_WARN_DOCUMENTATION_COMMENTS = YES;
				CLANG_WARN_EMPTY_BODY = YES;
				CLANG_WARN_ENUM_CONVERSION = YES;
				CLANG_WARN_INFINITE_RECURSION = YES;
				CLANG_WARN_INT_CONVERSION = YES;
				CLANG_WARN_NON_LITERAL_NULL_CONVERSION = YES;
				CLANG_WARN_OBJC_IMPLICIT_RETAIN_SELF = YES;
				CLANG_WARN_OBJC_LITERAL_CONVERSION = YES;
				CLANG_WARN_OBJC_ROOT_CLASS = YES_ERROR;
				CLANG_WARN_QUOTED_INCLUDE_IN_FRAMEWORK_HEADER = YES;
				CLANG_WARN_RANGE_LOOP_ANALYSIS = YES;
				CLANG_WARN_STRICT_PROTOTYPES = YES;
				CLANG_WARN_SUSPICIOUS_MOVE = YES;
				CLANG_WARN_UNGUARDED_AVAILABILITY = YES_AGGRESSIVE;
				CLANG_WARN_UNREACHABLE_CODE = YES;
				CLANG_WARN__DUPLICATE_METHOD_MATCH = YES;
				COPY_PHASE_STRIP = NO;
				DEBUG_INFORMATION_FORMAT = "dwarf-with-dsym";
				ENABLE_NS_ASSERTIONS = NO;
				ENABLE_STRICT_OBJC_MSGSEND = YES;
				GCC_C_LANGUAGE_STANDARD = gnu11;
				GCC_NO_COMMON_BLOCKS = YES;
				GCC_WARN_64_TO_32_BIT_CONVERSION = YES;
				GCC_WARN_ABOUT_RETURN_TYPE = YES_ERROR;
				GCC_WARN_UNDECLARED_SELECTOR = YES;
				GCC_WARN_UNINITIALIZED_AUTOS = YES_AGGRESSIVE;
				GCC_WARN_UNUSED_FUNCTION = YES;
				GCC_WARN_UNUSED_VARIABLE = YES;
				IPHONEOS_DEPLOYMENT_TARGET = 15.5;
				MTL_ENABLE_DEBUG_INFO = NO;
				MTL_FAST_MATH = YES;
				SDKROOT = iphoneos;
				SWIFT_COMPILATION_MODE = wholemodule;
				SWIFT_OPTIMIZATION_LEVEL = "-O";
				VALIDATE_PRODUCT = YES;
			};
			name = Release;
		};
		1861B56528EEA43A00835F39 /* Debug */ = {
			isa = XCBuildConfiguration;
			buildSettings = {
				ASSETCATALOG_COMPILER_APPICON_NAME = AppIcon;
				ASSETCATALOG_COMPILER_GLOBAL_ACCENT_COLOR_NAME = AccentColor;
				CODE_SIGN_STYLE = Automatic;
				CURRENT_PROJECT_VERSION = 1;
				GENERATE_INFOPLIST_FILE = YES;
				INFOPLIST_FILE = calculatorApp/Info.plist;
				INFOPLIST_KEY_UIApplicationSupportsIndirectInputEvents = YES;
				INFOPLIST_KEY_UILaunchStoryboardName = LaunchScreen;
				INFOPLIST_KEY_UIMainStoryboardFile = Main;
				INFOPLIST_KEY_UISupportedInterfaceOrientations_iPad = "UIInterfaceOrientationPortrait UIInterfaceOrientationPortraitUpsideDown UIInterfaceOrientationLandscapeLeft UIInterfaceOrientationLandscapeRight";
				INFOPLIST_KEY_UISupportedInterfaceOrientations_iPhone = "UIInterfaceOrientationPortrait UIInterfaceOrientationLandscapeLeft UIInterfaceOrientationLandscapeRight";
				LD_RUNPATH_SEARCH_PATHS = (
					"$(inherited)",
					"@executable_path/Frameworks",
				);
				MARKETING_VERSION = 1.0;
				PRODUCT_BUNDLE_IDENTIFIER = "rit-test.calculatorApp";
				PRODUCT_NAME = "$(TARGET_NAME)";
				SWIFT_EMIT_LOC_STRINGS = YES;
				SWIFT_VERSION = 5.0;
				TARGETED_DEVICE_FAMILY = "1,2";
			};
			name = Debug;
		};
		1861B56628EEA43A00835F39 /* Release */ = {
			isa = XCBuildConfiguration;
			buildSettings = {
				ASSETCATALOG_COMPILER_APPICON_NAME = AppIcon;
				ASSETCATALOG_COMPILER_GLOBAL_ACCENT_COLOR_NAME = AccentColor;
				CODE_SIGN_STYLE = Automatic;
				CURRENT_PROJECT_VERSION = 1;
				GENERATE_INFOPLIST_FILE = YES;
				INFOPLIST_FILE = calculatorApp/Info.plist;
				INFOPLIST_KEY_UIApplicationSupportsIndirectInputEvents = YES;
				INFOPLIST_KEY_UILaunchStoryboardName = LaunchScreen;
				INFOPLIST_KEY_UIMainStoryboardFile = Main;
				INFOPLIST_KEY_UISupportedInterfaceOrientations_iPad = "UIInterfaceOrientationPortrait UIInterfaceOrientationPortraitUpsideDown UIInterfaceOrientationLandscapeLeft UIInterfaceOrientationLandscapeRight";
				INFOPLIST_KEY_UISupportedInterfaceOrientations_iPhone = "UIInterfaceOrientationPortrait UIInterfaceOrientationLandscapeLeft UIInterfaceOrientationLandscapeRight";
				LD_RUNPATH_SEARCH_PATHS = (
					"$(inherited)",
					"@executable_path/Frameworks",
				);
				MARKETING_VERSION = 1.0;
				PRODUCT_BUNDLE_IDENTIFIER = "rit-test.calculatorApp";
				PRODUCT_NAME = "$(TARGET_NAME)";
				SWIFT_EMIT_LOC_STRINGS = YES;
				SWIFT_VERSION = 5.0;
				TARGETED_DEVICE_FAMILY = "1,2";
			};
			name = Release;
		};
		1861B56828EEA43A00835F39 /* Debug */ = {
			isa = XCBuildConfiguration;
			buildSettings = {
				ALWAYS_EMBED_SWIFT_STANDARD_LIBRARIES = YES;
				BUNDLE_LOADER = "$(TEST_HOST)";
				CODE_SIGN_STYLE = Automatic;
				CURRENT_PROJECT_VERSION = 1;
				GENERATE_INFOPLIST_FILE = YES;
				IPHONEOS_DEPLOYMENT_TARGET = 15.5;
				MARKETING_VERSION = 1.0;
				PRODUCT_BUNDLE_IDENTIFIER = "rit-test.calculatorAppTests";
				PRODUCT_NAME = "$(TARGET_NAME)";
				SWIFT_EMIT_LOC_STRINGS = NO;
				SWIFT_VERSION = 5.0;
				TARGETED_DEVICE_FAMILY = "1,2";
				TEST_HOST = "$(BUILT_PRODUCTS_DIR)/calculatorApp.app/calculatorApp";
			};
			name = Debug;
		};
		1861B56928EEA43A00835F39 /* Release */ = {
			isa = XCBuildConfiguration;
			buildSettings = {
				ALWAYS_EMBED_SWIFT_STANDARD_LIBRARIES = YES;
				BUNDLE_LOADER = "$(TEST_HOST)";
				CODE_SIGN_STYLE = Automatic;
				CURRENT_PROJECT_VERSION = 1;
				GENERATE_INFOPLIST_FILE = YES;
				IPHONEOS_DEPLOYMENT_TARGET = 15.5;
				MARKETING_VERSION = 1.0;
				PRODUCT_BUNDLE_IDENTIFIER = "rit-test.calculatorAppTests";
				PRODUCT_NAME = "$(TARGET_NAME)";
				SWIFT_EMIT_LOC_STRINGS = NO;
				SWIFT_VERSION = 5.0;
				TARGETED_DEVICE_FAMILY = "1,2";
				TEST_HOST = "$(BUILT_PRODUCTS_DIR)/calculatorApp.app/calculatorApp";
			};
			name = Release;
		};
		1861B56B28EEA43A00835F39 /* Debug */ = {
			isa = XCBuildConfiguration;
			buildSettings = {
				ALWAYS_EMBED_SWIFT_STANDARD_LIBRARIES = YES;
				CODE_SIGN_STYLE = Automatic;
				CURRENT_PROJECT_VERSION = 1;
				GENERATE_INFOPLIST_FILE = YES;
				MARKETING_VERSION = 1.0;
				PRODUCT_BUNDLE_IDENTIFIER = "rit-test.calculatorAppUITests";
				PRODUCT_NAME = "$(TARGET_NAME)";
				SWIFT_EMIT_LOC_STRINGS = NO;
				SWIFT_VERSION = 5.0;
				TARGETED_DEVICE_FAMILY = "1,2";
				TEST_TARGET_NAME = calculatorApp;
			};
			name = Debug;
		};
		1861B56C28EEA43A00835F39 /* Release */ = {
			isa = XCBuildConfiguration;
			buildSettings = {
				ALWAYS_EMBED_SWIFT_STANDARD_LIBRARIES = YES;
				CODE_SIGN_STYLE = Automatic;
				CURRENT_PROJECT_VERSION = 1;
				GENERATE_INFOPLIST_FILE = YES;
				MARKETING_VERSION = 1.0;
				PRODUCT_BUNDLE_IDENTIFIER = "rit-test.calculatorAppUITests";
				PRODUCT_NAME = "$(TARGET_NAME)";
				SWIFT_EMIT_LOC_STRINGS = NO;
				SWIFT_VERSION = 5.0;
				TARGETED_DEVICE_FAMILY = "1,2";
				TEST_TARGET_NAME = calculatorApp;
			};
			name = Release;
		};
/* End XCBuildConfiguration section */

/* Begin XCConfigurationList section */
		1861B53528EEA43800835F39 /* Build configuration list for PBXProject "calculatorApp" */ = {
			isa = XCConfigurationList;
			buildConfigurations = (
				1861B56228EEA43A00835F39 /* Debug */,
				1861B56328EEA43A00835F39 /* Release */,
			);
			defaultConfigurationIsVisible = 0;
			defaultConfigurationName = Release;
		};
		1861B56428EEA43A00835F39 /* Build configuration list for PBXNativeTarget "calculatorApp" */ = {
			isa = XCConfigurationList;
			buildConfigurations = (
				1861B56528EEA43A00835F39 /* Debug */,
				1861B56628EEA43A00835F39 /* Release */,
			);
			defaultConfigurationIsVisible = 0;
			defaultConfigurationName = Release;
		};
		1861B56728EEA43A00835F39 /* Build configuration list for PBXNativeTarget "calculatorAppTests" */ = {
			isa = XCConfigurationList;
			buildConfigurations = (
				1861B56828EEA43A00835F39 /* Debug */,
				1861B56928EEA43A00835F39 /* Release */,
			);
			defaultConfigurationIsVisible = 0;
			defaultConfigurationName = Release;
		};
		1861B56A28EEA43A00835F39 /* Build configuration list for PBXNativeTarget "calculatorAppUITests" */ = {
			isa = XCConfigurationList;
			buildConfigurations = (
				1861B56B28EEA43A00835F39 /* Debug */,
				1861B56C28EEA43A00835F39 /* Release */,
			);
			defaultConfigurationIsVisible = 0;
			defaultConfigurationName = Release;
		};
/* End XCConfigurationList section */
	};
	rootObject = 1861B53228EEA43800835F39 /* Project object */;
}
